// !$*UTF8*$!
{
	archiveVersion = 1;
	classes = {
	};
	objectVersion = 56;
	objects = {

/* Begin PBXBuildFile section */
		A6471F932AAC96E50044A7BE /* NavigationRouter.swift in Sources */ = {isa = PBXBuildFile; fileRef = A6471F922AAC96E50044A7BE /* NavigationRouter.swift */; };
		A6471F952AAC9DD00044A7BE /* ResetPasswordView.swift in Sources */ = {isa = PBXBuildFile; fileRef = A6471F942AAC9DD00044A7BE /* ResetPasswordView.swift */; };
		A6A2160C2AA643330037029C /* AuthenticationAppApp.swift in Sources */ = {isa = PBXBuildFile; fileRef = A6A2160B2AA643330037029C /* AuthenticationAppApp.swift */; };
		A6A2160E2AA643330037029C /* ContentView.swift in Sources */ = {isa = PBXBuildFile; fileRef = A6A2160D2AA643330037029C /* ContentView.swift */; };
		A6A216102AA643360037029C /* Assets.xcassets in Resources */ = {isa = PBXBuildFile; fileRef = A6A2160F2AA643360037029C /* Assets.xcassets */; };
		A6A216132AA643360037029C /* Preview Assets.xcassets in Resources */ = {isa = PBXBuildFile; fileRef = A6A216122AA643360037029C /* Preview Assets.xcassets */; };
		A6A2161D2AA643360037029C /* AuthenticationAppTests.swift in Sources */ = {isa = PBXBuildFile; fileRef = A6A2161C2AA643360037029C /* AuthenticationAppTests.swift */; };
		A6A216272AA643360037029C /* AuthenticationAppUITests.swift in Sources */ = {isa = PBXBuildFile; fileRef = A6A216262AA643360037029C /* AuthenticationAppUITests.swift */; };
		A6A216292AA643360037029C /* AuthenticationAppUITestsLaunchTests.swift in Sources */ = {isa = PBXBuildFile; fileRef = A6A216282AA643360037029C /* AuthenticationAppUITestsLaunchTests.swift */; };
		A6B6B4CB2AA9CEBE008115DA /* LoginView.swift in Sources */ = {isa = PBXBuildFile; fileRef = A6B6B4CA2AA9CEBE008115DA /* LoginView.swift */; };
		A6B6B4CD2AA9D537008115DA /* SignUpView.swift in Sources */ = {isa = PBXBuildFile; fileRef = A6B6B4CC2AA9D537008115DA /* SignUpView.swift */; };
		A6B6B4D02AAA15CA008115DA /* Strings.swift in Sources */ = {isa = PBXBuildFile; fileRef = A6B6B4CF2AAA15CA008115DA /* Strings.swift */; };
		A6B6B4D32AAA1AD7008115DA /* LoginViewModel.swift in Sources */ = {isa = PBXBuildFile; fileRef = A6B6B4D22AAA1AD7008115DA /* LoginViewModel.swift */; };
		A6DC98492AB339BF000BD17C /* utils.swift in Sources */ = {isa = PBXBuildFile; fileRef = A6DC98482AB339BF000BD17C /* utils.swift */; };
		A6DC984B2AB4CA6D000BD17C /* SignupViewModel.swift in Sources */ = {isa = PBXBuildFile; fileRef = A6DC984A2AB4CA6D000BD17C /* SignupViewModel.swift */; };
/* End PBXBuildFile section */

/* Begin PBXContainerItemProxy section */
		A6A216192AA643360037029C /* PBXContainerItemProxy */ = {
			isa = PBXContainerItemProxy;
			containerPortal = A6A216002AA643330037029C /* Project object */;
			proxyType = 1;
			remoteGlobalIDString = A6A216072AA643330037029C;
			remoteInfo = AuthenticationApp;
		};
		A6A216232AA643360037029C /* PBXContainerItemProxy */ = {
			isa = PBXContainerItemProxy;
			containerPortal = A6A216002AA643330037029C /* Project object */;
			proxyType = 1;
			remoteGlobalIDString = A6A216072AA643330037029C;
			remoteInfo = AuthenticationApp;
		};
/* End PBXContainerItemProxy section */

/* Begin PBXFileReference section */
		A6471F922AAC96E50044A7BE /* NavigationRouter.swift */ = {isa = PBXFileReference; lastKnownFileType = sourcecode.swift; path = NavigationRouter.swift; sourceTree = "<group>"; };
		A6471F942AAC9DD00044A7BE /* ResetPasswordView.swift */ = {isa = PBXFileReference; lastKnownFileType = sourcecode.swift; path = ResetPasswordView.swift; sourceTree = "<group>"; };
		A6A216082AA643330037029C /* AuthenticationApp.app */ = {isa = PBXFileReference; explicitFileType = wrapper.application; includeInIndex = 0; path = AuthenticationApp.app; sourceTree = BUILT_PRODUCTS_DIR; };
		A6A2160B2AA643330037029C /* AuthenticationAppApp.swift */ = {isa = PBXFileReference; lastKnownFileType = sourcecode.swift; path = AuthenticationAppApp.swift; sourceTree = "<group>"; };
		A6A2160D2AA643330037029C /* ContentView.swift */ = {isa = PBXFileReference; lastKnownFileType = sourcecode.swift; path = ContentView.swift; sourceTree = "<group>"; };
		A6A2160F2AA643360037029C /* Assets.xcassets */ = {isa = PBXFileReference; lastKnownFileType = folder.assetcatalog; path = Assets.xcassets; sourceTree = "<group>"; };
		A6A216122AA643360037029C /* Preview Assets.xcassets */ = {isa = PBXFileReference; lastKnownFileType = folder.assetcatalog; path = "Preview Assets.xcassets"; sourceTree = "<group>"; };
		A6A216182AA643360037029C /* AuthenticationAppTests.xctest */ = {isa = PBXFileReference; explicitFileType = wrapper.cfbundle; includeInIndex = 0; path = AuthenticationAppTests.xctest; sourceTree = BUILT_PRODUCTS_DIR; };
		A6A2161C2AA643360037029C /* AuthenticationAppTests.swift */ = {isa = PBXFileReference; lastKnownFileType = sourcecode.swift; path = AuthenticationAppTests.swift; sourceTree = "<group>"; };
		A6A216222AA643360037029C /* AuthenticationAppUITests.xctest */ = {isa = PBXFileReference; explicitFileType = wrapper.cfbundle; includeInIndex = 0; path = AuthenticationAppUITests.xctest; sourceTree = BUILT_PRODUCTS_DIR; };
		A6A216262AA643360037029C /* AuthenticationAppUITests.swift */ = {isa = PBXFileReference; lastKnownFileType = sourcecode.swift; path = AuthenticationAppUITests.swift; sourceTree = "<group>"; };
		A6A216282AA643360037029C /* AuthenticationAppUITestsLaunchTests.swift */ = {isa = PBXFileReference; lastKnownFileType = sourcecode.swift; path = AuthenticationAppUITestsLaunchTests.swift; sourceTree = "<group>"; };
		A6B6B4CA2AA9CEBE008115DA /* LoginView.swift */ = {isa = PBXFileReference; lastKnownFileType = sourcecode.swift; path = LoginView.swift; sourceTree = "<group>"; };
		A6B6B4CC2AA9D537008115DA /* SignUpView.swift */ = {isa = PBXFileReference; lastKnownFileType = sourcecode.swift; path = SignUpView.swift; sourceTree = "<group>"; };
		A6B6B4CF2AAA15CA008115DA /* Strings.swift */ = {isa = PBXFileReference; lastKnownFileType = sourcecode.swift; path = Strings.swift; sourceTree = "<group>"; };
		A6B6B4D22AAA1AD7008115DA /* LoginViewModel.swift */ = {isa = PBXFileReference; lastKnownFileType = sourcecode.swift; path = LoginViewModel.swift; sourceTree = "<group>"; };
		A6DC98482AB339BF000BD17C /* utils.swift */ = {isa = PBXFileReference; lastKnownFileType = sourcecode.swift; path = utils.swift; sourceTree = "<group>"; };
		A6DC984A2AB4CA6D000BD17C /* SignupViewModel.swift */ = {isa = PBXFileReference; lastKnownFileType = sourcecode.swift; path = SignupViewModel.swift; sourceTree = "<group>"; };
/* End PBXFileReference section */

/* Begin PBXFrameworksBuildPhase section */
		A6A216052AA643330037029C /* Frameworks */ = {
			isa = PBXFrameworksBuildPhase;
			buildActionMask = 2147483647;
			files = (
			);
			runOnlyForDeploymentPostprocessing = 0;
		};
		A6A216152AA643360037029C /* Frameworks */ = {
			isa = PBXFrameworksBuildPhase;
			buildActionMask = 2147483647;
			files = (
			);
			runOnlyForDeploymentPostprocessing = 0;
		};
		A6A2161F2AA643360037029C /* Frameworks */ = {
			isa = PBXFrameworksBuildPhase;
			buildActionMask = 2147483647;
			files = (
			);
			runOnlyForDeploymentPostprocessing = 0;
		};
/* End PBXFrameworksBuildPhase section */

/* Begin PBXGroup section */
		A6471F912AAC96D20044A7BE /* Helpers */ = {
			isa = PBXGroup;
			children = (
				A6471F922AAC96E50044A7BE /* NavigationRouter.swift */,
				A6DC98482AB339BF000BD17C /* utils.swift */,
			);
			path = Helpers;
			sourceTree = "<group>";
		};
		A6A215FF2AA643330037029C = {
			isa = PBXGroup;
			children = (
				A6A2160A2AA643330037029C /* AuthenticationApp */,
				A6A2161B2AA643360037029C /* AuthenticationAppTests */,
				A6A216252AA643360037029C /* AuthenticationAppUITests */,
				A6A216092AA643330037029C /* Products */,
			);
			sourceTree = "<group>";
		};
		A6A216092AA643330037029C /* Products */ = {
			isa = PBXGroup;
			children = (
				A6A216082AA643330037029C /* AuthenticationApp.app */,
				A6A216182AA643360037029C /* AuthenticationAppTests.xctest */,
				A6A216222AA643360037029C /* AuthenticationAppUITests.xctest */,
			);
			name = Products;
			sourceTree = "<group>";
		};
		A6A2160A2AA643330037029C /* AuthenticationApp */ = {
			isa = PBXGroup;
			children = (
				A6471F912AAC96D20044A7BE /* Helpers */,
				A6B6B4D12AAA1AC0008115DA /* ViewModels */,
				A6B6B4CE2AAA15BD008115DA /* Constants */,
				A6B6B4C82AA9CE7D008115DA /* Views */,
				A6A2160B2AA643330037029C /* AuthenticationAppApp.swift */,
				A6A2160D2AA643330037029C /* ContentView.swift */,
				A6A2160F2AA643360037029C /* Assets.xcassets */,
				A6A216112AA643360037029C /* Preview Content */,
			);
			path = AuthenticationApp;
			sourceTree = "<group>";
		};
		A6A216112AA643360037029C /* Preview Content */ = {
			isa = PBXGroup;
			children = (
				A6A216122AA643360037029C /* Preview Assets.xcassets */,
			);
			path = "Preview Content";
			sourceTree = "<group>";
		};
		A6A2161B2AA643360037029C /* AuthenticationAppTests */ = {
			isa = PBXGroup;
			children = (
				A6A2161C2AA643360037029C /* AuthenticationAppTests.swift */,
			);
			path = AuthenticationAppTests;
			sourceTree = "<group>";
		};
		A6A216252AA643360037029C /* AuthenticationAppUITests */ = {
			isa = PBXGroup;
			children = (
				A6A216262AA643360037029C /* AuthenticationAppUITests.swift */,
				A6A216282AA643360037029C /* AuthenticationAppUITestsLaunchTests.swift */,
			);
			path = AuthenticationAppUITests;
			sourceTree = "<group>";
		};
		A6B6B4C82AA9CE7D008115DA /* Views */ = {
			isa = PBXGroup;
			children = (
				A6B6B4CA2AA9CEBE008115DA /* LoginView.swift */,
				A6B6B4CC2AA9D537008115DA /* SignUpView.swift */,
				A6471F942AAC9DD00044A7BE /* ResetPasswordView.swift */,
			);
			path = Views;
			sourceTree = "<group>";
		};
		A6B6B4CE2AAA15BD008115DA /* Constants */ = {
			isa = PBXGroup;
			children = (
				A6B6B4CF2AAA15CA008115DA /* Strings.swift */,
			);
			path = Constants;
			sourceTree = "<group>";
		};
		A6B6B4D12AAA1AC0008115DA /* ViewModels */ = {
			isa = PBXGroup;
			children = (
				A6B6B4D22AAA1AD7008115DA /* LoginViewModel.swift */,
				A6DC984A2AB4CA6D000BD17C /* SignupViewModel.swift */,
			);
			path = ViewModels;
			sourceTree = "<group>";
		};
/* End PBXGroup section */

/* Begin PBXNativeTarget section */
		A6A216072AA643330037029C /* AuthenticationApp */ = {
			isa = PBXNativeTarget;
			buildConfigurationList = A6A2162C2AA643360037029C /* Build configuration list for PBXNativeTarget "AuthenticationApp" */;
			buildPhases = (
				A6A216042AA643330037029C /* Sources */,
				A6A216052AA643330037029C /* Frameworks */,
				A6A216062AA643330037029C /* Resources */,
			);
			buildRules = (
			);
			dependencies = (
			);
			name = AuthenticationApp;
			productName = AuthenticationApp;
			productReference = A6A216082AA643330037029C /* AuthenticationApp.app */;
			productType = "com.apple.product-type.application";
		};
		A6A216172AA643360037029C /* AuthenticationAppTests */ = {
			isa = PBXNativeTarget;
			buildConfigurationList = A6A2162F2AA643360037029C /* Build configuration list for PBXNativeTarget "AuthenticationAppTests" */;
			buildPhases = (
				A6A216142AA643360037029C /* Sources */,
				A6A216152AA643360037029C /* Frameworks */,
				A6A216162AA643360037029C /* Resources */,
			);
			buildRules = (
			);
			dependencies = (
				A6A2161A2AA643360037029C /* PBXTargetDependency */,
			);
			name = AuthenticationAppTests;
			productName = AuthenticationAppTests;
			productReference = A6A216182AA643360037029C /* AuthenticationAppTests.xctest */;
			productType = "com.apple.product-type.bundle.unit-test";
		};
		A6A216212AA643360037029C /* AuthenticationAppUITests */ = {
			isa = PBXNativeTarget;
			buildConfigurationList = A6A216322AA643360037029C /* Build configuration list for PBXNativeTarget "AuthenticationAppUITests" */;
			buildPhases = (
				A6A2161E2AA643360037029C /* Sources */,
				A6A2161F2AA643360037029C /* Frameworks */,
				A6A216202AA643360037029C /* Resources */,
			);
			buildRules = (
			);
			dependencies = (
				A6A216242AA643360037029C /* PBXTargetDependency */,
			);
			name = AuthenticationAppUITests;
			productName = AuthenticationAppUITests;
			productReference = A6A216222AA643360037029C /* AuthenticationAppUITests.xctest */;
			productType = "com.apple.product-type.bundle.ui-testing";
		};
/* End PBXNativeTarget section */

/* Begin PBXProject section */
		A6A216002AA643330037029C /* Project object */ = {
			isa = PBXProject;
			attributes = {
				BuildIndependentTargetsInParallel = 1;
				LastSwiftUpdateCheck = 1430;
				LastUpgradeCheck = 1430;
				TargetAttributes = {
					A6A216072AA643330037029C = {
						CreatedOnToolsVersion = 14.3.1;
					};
					A6A216172AA643360037029C = {
						CreatedOnToolsVersion = 14.3.1;
						TestTargetID = A6A216072AA643330037029C;
					};
					A6A216212AA643360037029C = {
						CreatedOnToolsVersion = 14.3.1;
						TestTargetID = A6A216072AA643330037029C;
					};
				};
			};
			buildConfigurationList = A6A216032AA643330037029C /* Build configuration list for PBXProject "AuthenticationApp" */;
			compatibilityVersion = "Xcode 14.0";
			developmentRegion = en;
			hasScannedForEncodings = 0;
			knownRegions = (
				en,
				Base,
			);
			mainGroup = A6A215FF2AA643330037029C;
			productRefGroup = A6A216092AA643330037029C /* Products */;
			projectDirPath = "";
			projectRoot = "";
			targets = (
				A6A216072AA643330037029C /* AuthenticationApp */,
				A6A216172AA643360037029C /* AuthenticationAppTests */,
				A6A216212AA643360037029C /* AuthenticationAppUITests */,
			);
		};
/* End PBXProject section */

/* Begin PBXResourcesBuildPhase section */
		A6A216062AA643330037029C /* Resources */ = {
			isa = PBXResourcesBuildPhase;
			buildActionMask = 2147483647;
			files = (
				A6A216132AA643360037029C /* Preview Assets.xcassets in Resources */,
				A6A216102AA643360037029C /* Assets.xcassets in Resources */,
			);
			runOnlyForDeploymentPostprocessing = 0;
		};
		A6A216162AA643360037029C /* Resources */ = {
			isa = PBXResourcesBuildPhase;
			buildActionMask = 2147483647;
			files = (
			);
			runOnlyForDeploymentPostprocessing = 0;
		};
		A6A216202AA643360037029C /* Resources */ = {
			isa = PBXResourcesBuildPhase;
			buildActionMask = 2147483647;
			files = (
			);
			runOnlyForDeploymentPostprocessing = 0;
		};
/* End PBXResourcesBuildPhase section */

/* Begin PBXSourcesBuildPhase section */
		A6A216042AA643330037029C /* Sources */ = {
			isa = PBXSourcesBuildPhase;
			buildActionMask = 2147483647;
			files = (
				A6DC98492AB339BF000BD17C /* utils.swift in Sources */,
				A6B6B4CD2AA9D537008115DA /* SignUpView.swift in Sources */,
				A6471F932AAC96E50044A7BE /* NavigationRouter.swift in Sources */,
				A6A2160E2AA643330037029C /* ContentView.swift in Sources */,
				A6471F952AAC9DD00044A7BE /* ResetPasswordView.swift in Sources */,
				A6B6B4D32AAA1AD7008115DA /* LoginViewModel.swift in Sources */,
				A6DC984B2AB4CA6D000BD17C /* SignupViewModel.swift in Sources */,
				A6B6B4D02AAA15CA008115DA /* Strings.swift in Sources */,
				A6B6B4CB2AA9CEBE008115DA /* LoginView.swift in Sources */,
				A6A2160C2AA643330037029C /* AuthenticationAppApp.swift in Sources */,
			);
			runOnlyForDeploymentPostprocessing = 0;
		};
		A6A216142AA643360037029C /* Sources */ = {
			isa = PBXSourcesBuildPhase;
			buildActionMask = 2147483647;
			files = (
				A6A2161D2AA643360037029C /* AuthenticationAppTests.swift in Sources */,
			);
			runOnlyForDeploymentPostprocessing = 0;
		};
		A6A2161E2AA643360037029C /* Sources */ = {
			isa = PBXSourcesBuildPhase;
			buildActionMask = 2147483647;
			files = (
				A6A216292AA643360037029C /* AuthenticationAppUITestsLaunchTests.swift in Sources */,
				A6A216272AA643360037029C /* AuthenticationAppUITests.swift in Sources */,
			);
			runOnlyForDeploymentPostprocessing = 0;
		};
/* End PBXSourcesBuildPhase section */

/* Begin PBXTargetDependency section */
		A6A2161A2AA643360037029C /* PBXTargetDependency */ = {
			isa = PBXTargetDependency;
			target = A6A216072AA643330037029C /* AuthenticationApp */;
			targetProxy = A6A216192AA643360037029C /* PBXContainerItemProxy */;
		};
		A6A216242AA643360037029C /* PBXTargetDependency */ = {
			isa = PBXTargetDependency;
			target = A6A216072AA643330037029C /* AuthenticationApp */;
			targetProxy = A6A216232AA643360037029C /* PBXContainerItemProxy */;
		};
/* End PBXTargetDependency section */

/* Begin XCBuildConfiguration section */
		A6A2162A2AA643360037029C /* Debug */ = {
			isa = XCBuildConfiguration;
			buildSettings = {
				ALWAYS_SEARCH_USER_PATHS = NO;
				CLANG_ANALYZER_NONNULL = YES;
				CLANG_ANALYZER_NUMBER_OBJECT_CONVERSION = YES_AGGRESSIVE;
				CLANG_CXX_LANGUAGE_STANDARD = "gnu++20";
				CLANG_ENABLE_MODULES = YES;
				CLANG_ENABLE_OBJC_ARC = YES;
				CLANG_ENABLE_OBJC_WEAK = YES;
				CLANG_WARN_BLOCK_CAPTURE_AUTORELEASING = YES;
				CLANG_WARN_BOOL_CONVERSION = YES;
				CLANG_WARN_COMMA = YES;
				CLANG_WARN_CONSTANT_CONVERSION = YES;
				CLANG_WARN_DEPRECATED_OBJC_IMPLEMENTATIONS = YES;
				CLANG_WARN_DIRECT_OBJC_ISA_USAGE = YES_ERROR;
				CLANG_WARN_DOCUMENTATION_COMMENTS = YES;
				CLANG_WARN_EMPTY_BODY = YES;
				CLANG_WARN_ENUM_CONVERSION = YES;
				CLANG_WARN_INFINITE_RECURSION = YES;
				CLANG_WARN_INT_CONVERSION = YES;
				CLANG_WARN_NON_LITERAL_NULL_CONVERSION = YES;
				CLANG_WARN_OBJC_IMPLICIT_RETAIN_SELF = YES;
				CLANG_WARN_OBJC_LITERAL_CONVERSION = YES;
				CLANG_WARN_OBJC_ROOT_CLASS = YES_ERROR;
				CLANG_WARN_QUOTED_INCLUDE_IN_FRAMEWORK_HEADER = YES;
				CLANG_WARN_RANGE_LOOP_ANALYSIS = YES;
				CLANG_WARN_STRICT_PROTOTYPES = YES;
				CLANG_WARN_SUSPICIOUS_MOVE = YES;
				CLANG_WARN_UNGUARDED_AVAILABILITY = YES_AGGRESSIVE;
				CLANG_WARN_UNREACHABLE_CODE = YES;
				CLANG_WARN__DUPLICATE_METHOD_MATCH = YES;
				COPY_PHASE_STRIP = NO;
				DEBUG_INFORMATION_FORMAT = dwarf;
				ENABLE_STRICT_OBJC_MSGSEND = YES;
				ENABLE_TESTABILITY = YES;
				GCC_C_LANGUAGE_STANDARD = gnu11;
				GCC_DYNAMIC_NO_PIC = NO;
				GCC_NO_COMMON_BLOCKS = YES;
				GCC_OPTIMIZATION_LEVEL = 0;
				GCC_PREPROCESSOR_DEFINITIONS = (
					"DEBUG=1",
					"$(inherited)",
				);
				GCC_WARN_64_TO_32_BIT_CONVERSION = YES;
				GCC_WARN_ABOUT_RETURN_TYPE = YES_ERROR;
				GCC_WARN_UNDECLARED_SELECTOR = YES;
				GCC_WARN_UNINITIALIZED_AUTOS = YES_AGGRESSIVE;
				GCC_WARN_UNUSED_FUNCTION = YES;
				GCC_WARN_UNUSED_VARIABLE = YES;
				IPHONEOS_DEPLOYMENT_TARGET = 16.4;
				MTL_ENABLE_DEBUG_INFO = INCLUDE_SOURCE;
				MTL_FAST_MATH = YES;
				ONLY_ACTIVE_ARCH = YES;
				SDKROOT = iphoneos;
				SWIFT_ACTIVE_COMPILATION_CONDITIONS = DEBUG;
				SWIFT_OPTIMIZATION_LEVEL = "-Onone";
			};
			name = Debug;
		};
		A6A2162B2AA643360037029C /* Release */ = {
			isa = XCBuildConfiguration;
			buildSettings = {
				ALWAYS_SEARCH_USER_PATHS = NO;
				CLANG_ANALYZER_NONNULL = YES;
				CLANG_ANALYZER_NUMBER_OBJECT_CONVERSION = YES_AGGRESSIVE;
				CLANG_CXX_LANGUAGE_STANDARD = "gnu++20";
				CLANG_ENABLE_MODULES = YES;
				CLANG_ENABLE_OBJC_ARC = YES;
				CLANG_ENABLE_OBJC_WEAK = YES;
				CLANG_WARN_BLOCK_CAPTURE_AUTORELEASING = YES;
				CLANG_WARN_BOOL_CONVERSION = YES;
				CLANG_WARN_COMMA = YES;
				CLANG_WARN_CONSTANT_CONVERSION = YES;
				CLANG_WARN_DEPRECATED_OBJC_IMPLEMENTATIONS = YES;
				CLANG_WARN_DIRECT_OBJC_ISA_USAGE = YES_ERROR;
				CLANG_WARN_DOCUMENTATION_COMMENTS = YES;
				CLANG_WARN_EMPTY_BODY = YES;
				CLANG_WARN_ENUM_CONVERSION = YES;
				CLANG_WARN_INFINITE_RECURSION = YES;
				CLANG_WARN_INT_CONVERSION = YES;
				CLANG_WARN_NON_LITERAL_NULL_CONVERSION = YES;
				CLANG_WARN_OBJC_IMPLICIT_RETAIN_SELF = YES;
				CLANG_WARN_OBJC_LITERAL_CONVERSION = YES;
				CLANG_WARN_OBJC_ROOT_CLASS = YES_ERROR;
				CLANG_WARN_QUOTED_INCLUDE_IN_FRAMEWORK_HEADER = YES;
				CLANG_WARN_RANGE_LOOP_ANALYSIS = YES;
				CLANG_WARN_STRICT_PROTOTYPES = YES;
				CLANG_WARN_SUSPICIOUS_MOVE = YES;
				CLANG_WARN_UNGUARDED_AVAILABILITY = YES_AGGRESSIVE;
				CLANG_WARN_UNREACHABLE_CODE = YES;
				CLANG_WARN__DUPLICATE_METHOD_MATCH = YES;
				COPY_PHASE_STRIP = NO;
				DEBUG_INFORMATION_FORMAT = "dwarf-with-dsym";
				ENABLE_NS_ASSERTIONS = NO;
				ENABLE_STRICT_OBJC_MSGSEND = YES;
				GCC_C_LANGUAGE_STANDARD = gnu11;
				GCC_NO_COMMON_BLOCKS = YES;
				GCC_WARN_64_TO_32_BIT_CONVERSION = YES;
				GCC_WARN_ABOUT_RETURN_TYPE = YES_ERROR;
				GCC_WARN_UNDECLARED_SELECTOR = YES;
				GCC_WARN_UNINITIALIZED_AUTOS = YES_AGGRESSIVE;
				GCC_WARN_UNUSED_FUNCTION = YES;
				GCC_WARN_UNUSED_VARIABLE = YES;
				IPHONEOS_DEPLOYMENT_TARGET = 16.4;
				MTL_ENABLE_DEBUG_INFO = NO;
				MTL_FAST_MATH = YES;
				SDKROOT = iphoneos;
				SWIFT_COMPILATION_MODE = wholemodule;
				SWIFT_OPTIMIZATION_LEVEL = "-O";
				VALIDATE_PRODUCT = YES;
			};
			name = Release;
		};
		A6A2162D2AA643360037029C /* Debug */ = {
			isa = XCBuildConfiguration;
			buildSettings = {
				ASSETCATALOG_COMPILER_APPICON_NAME = AppIcon;
				ASSETCATALOG_COMPILER_GLOBAL_ACCENT_COLOR_NAME = AccentColor;
				CODE_SIGN_STYLE = Automatic;
				CURRENT_PROJECT_VERSION = 1;
				DEVELOPMENT_ASSET_PATHS = "\"AuthenticationApp/Preview Content\"";
				DEVELOPMENT_TEAM = 27Z9QQLZC6;
				ENABLE_PREVIEWS = YES;
				GENERATE_INFOPLIST_FILE = YES;
				INFOPLIST_KEY_UIApplicationSceneManifest_Generation = YES;
				INFOPLIST_KEY_UIApplicationSupportsIndirectInputEvents = YES;
				INFOPLIST_KEY_UILaunchScreen_Generation = YES;
				INFOPLIST_KEY_UISupportedInterfaceOrientations_iPad = "UIInterfaceOrientationPortrait UIInterfaceOrientationPortraitUpsideDown UIInterfaceOrientationLandscapeLeft UIInterfaceOrientationLandscapeRight";
				INFOPLIST_KEY_UISupportedInterfaceOrientations_iPhone = "UIInterfaceOrientationPortrait UIInterfaceOrientationLandscapeLeft UIInterfaceOrientationLandscapeRight";
				LD_RUNPATH_SEARCH_PATHS = (
					"$(inherited)",
					"@executable_path/Frameworks",
				);
				MARKETING_VERSION = 1.0;
				PRODUCT_BUNDLE_IDENTIFIER = ayush.AuthenticationApp;
				PRODUCT_NAME = "$(TARGET_NAME)";
				SWIFT_EMIT_LOC_STRINGS = YES;
				SWIFT_VERSION = 5.0;
				TARGETED_DEVICE_FAMILY = "1,2";
			};
			name = Debug;
		};
		A6A2162E2AA643360037029C /* Release */ = {
			isa = XCBuildConfiguration;
			buildSettings = {
				ASSETCATALOG_COMPILER_APPICON_NAME = AppIcon;
				ASSETCATALOG_COMPILER_GLOBAL_ACCENT_COLOR_NAME = AccentColor;
				CODE_SIGN_STYLE = Automatic;
				CURRENT_PROJECT_VERSION = 1;
				DEVELOPMENT_ASSET_PATHS = "\"AuthenticationApp/Preview Content\"";
				DEVELOPMENT_TEAM = 27Z9QQLZC6;
				ENABLE_PREVIEWS = YES;
				GENERATE_INFOPLIST_FILE = YES;
				INFOPLIST_KEY_UIApplicationSceneManifest_Generation = YES;
				INFOPLIST_KEY_UIApplicationSupportsIndirectInputEvents = YES;
				INFOPLIST_KEY_UILaunchScreen_Generation = YES;
				INFOPLIST_KEY_UISupportedInterfaceOrientations_iPad = "UIInterfaceOrientationPortrait UIInterfaceOrientationPortraitUpsideDown UIInterfaceOrientationLandscapeLeft UIInterfaceOrientationLandscapeRight";
				INFOPLIST_KEY_UISupportedInterfaceOrientations_iPhone = "UIInterfaceOrientationPortrait UIInterfaceOrientationLandscapeLeft UIInterfaceOrientationLandscapeRight";
				LD_RUNPATH_SEARCH_PATHS = (
					"$(inherited)",
					"@executable_path/Frameworks",
				);
				MARKETING_VERSION = 1.0;
				PRODUCT_BUNDLE_IDENTIFIER = ayush.AuthenticationApp;
				PRODUCT_NAME = "$(TARGET_NAME)";
				SWIFT_EMIT_LOC_STRINGS = YES;
				SWIFT_VERSION = 5.0;
				TARGETED_DEVICE_FAMILY = "1,2";
			};
			name = Release;
		};
		A6A216302AA643360037029C /* Debug */ = {
			isa = XCBuildConfiguration;
			buildSettings = {
				ALWAYS_EMBED_SWIFT_STANDARD_LIBRARIES = YES;
				BUNDLE_LOADER = "$(TEST_HOST)";
				CODE_SIGN_STYLE = Automatic;
				CURRENT_PROJECT_VERSION = 1;
				DEVELOPMENT_TEAM = 27Z9QQLZC6;
				GENERATE_INFOPLIST_FILE = YES;
				IPHONEOS_DEPLOYMENT_TARGET = 16.4;
				MARKETING_VERSION = 1.0;
				PRODUCT_BUNDLE_IDENTIFIER = ayush.AuthenticationAppTests;
				PRODUCT_NAME = "$(TARGET_NAME)";
				SWIFT_EMIT_LOC_STRINGS = NO;
				SWIFT_VERSION = 5.0;
				TARGETED_DEVICE_FAMILY = "1,2";
				TEST_HOST = "$(BUILT_PRODUCTS_DIR)/AuthenticationApp.app/$(BUNDLE_EXECUTABLE_FOLDER_PATH)/AuthenticationApp";
			};
			name = Debug;
		};
		A6A216312AA643360037029C /* Release */ = {
			isa = XCBuildConfiguration;
			buildSettings = {
				ALWAYS_EMBED_SWIFT_STANDARD_LIBRARIES = YES;
				BUNDLE_LOADER = "$(TEST_HOST)";
				CODE_SIGN_STYLE = Automatic;
				CURRENT_PROJECT_VERSION = 1;
				DEVELOPMENT_TEAM = 27Z9QQLZC6;
				GENERATE_INFOPLIST_FILE = YES;
				IPHONEOS_DEPLOYMENT_TARGET = 16.4;
				MARKETING_VERSION = 1.0;
				PRODUCT_BUNDLE_IDENTIFIER = ayush.AuthenticationAppTests;
				PRODUCT_NAME = "$(TARGET_NAME)";
				SWIFT_EMIT_LOC_STRINGS = NO;
				SWIFT_VERSION = 5.0;
				TARGETED_DEVICE_FAMILY = "1,2";
				TEST_HOST = "$(BUILT_PRODUCTS_DIR)/AuthenticationApp.app/$(BUNDLE_EXECUTABLE_FOLDER_PATH)/AuthenticationApp";
			};
			name = Release;
		};
		A6A216332AA643360037029C /* Debug */ = {
			isa = XCBuildConfiguration;
			buildSettings = {
				ALWAYS_EMBED_SWIFT_STANDARD_LIBRARIES = YES;
				CODE_SIGN_STYLE = Automatic;
				CURRENT_PROJECT_VERSION = 1;
				DEVELOPMENT_TEAM = 27Z9QQLZC6;
				GENERATE_INFOPLIST_FILE = YES;
				MARKETING_VERSION = 1.0;
				PRODUCT_BUNDLE_IDENTIFIER = ayush.AuthenticationAppUITests;
				PRODUCT_NAME = "$(TARGET_NAME)";
				SWIFT_EMIT_LOC_STRINGS = NO;
				SWIFT_VERSION = 5.0;
				TARGETED_DEVICE_FAMILY = "1,2";
				TEST_TARGET_NAME = AuthenticationApp;
			};
			name = Debug;
		};
		A6A216342AA643360037029C /* Release */ = {
			isa = XCBuildConfiguration;
			buildSettings = {
				ALWAYS_EMBED_SWIFT_STANDARD_LIBRARIES = YES;
				CODE_SIGN_STYLE = Automatic;
				CURRENT_PROJECT_VERSION = 1;
				DEVELOPMENT_TEAM = 27Z9QQLZC6;
				GENERATE_INFOPLIST_FILE = YES;
				MARKETING_VERSION = 1.0;
				PRODUCT_BUNDLE_IDENTIFIER = ayush.AuthenticationAppUITests;
				PRODUCT_NAME = "$(TARGET_NAME)";
				SWIFT_EMIT_LOC_STRINGS = NO;
				SWIFT_VERSION = 5.0;
				TARGETED_DEVICE_FAMILY = "1,2";
				TEST_TARGET_NAME = AuthenticationApp;
			};
			name = Release;
		};
/* End XCBuildConfiguration section */

/* Begin XCConfigurationList section */
		A6A216032AA643330037029C /* Build configuration list for PBXProject "AuthenticationApp" */ = {
			isa = XCConfigurationList;
			buildConfigurations = (
				A6A2162A2AA643360037029C /* Debug */,
				A6A2162B2AA643360037029C /* Release */,
			);
			defaultConfigurationIsVisible = 0;
			defaultConfigurationName = Release;
		};
		A6A2162C2AA643360037029C /* Build configuration list for PBXNativeTarget "AuthenticationApp" */ = {
			isa = XCConfigurationList;
			buildConfigurations = (
				A6A2162D2AA643360037029C /* Debug */,
				A6A2162E2AA643360037029C /* Release */,
			);
			defaultConfigurationIsVisible = 0;
			defaultConfigurationName = Release;
		};
		A6A2162F2AA643360037029C /* Build configuration list for PBXNativeTarget "AuthenticationAppTests" */ = {
			isa = XCConfigurationList;
			buildConfigurations = (
				A6A216302AA643360037029C /* Debug */,
				A6A216312AA643360037029C /* Release */,
			);
			defaultConfigurationIsVisible = 0;
			defaultConfigurationName = Release;
		};
		A6A216322AA643360037029C /* Build configuration list for PBXNativeTarget "AuthenticationAppUITests" */ = {
			isa = XCConfigurationList;
			buildConfigurations = (
				A6A216332AA643360037029C /* Debug */,
				A6A216342AA643360037029C /* Release */,
			);
			defaultConfigurationIsVisible = 0;
			defaultConfigurationName = Release;
		};
/* End XCConfigurationList section */
	};
	rootObject = A6A216002AA643330037029C /* Project object */;
}
